{
  "lockfile_version": "1",
  "packages": {
    "flutter": {
      "resolved": "github:NixOS/nixpkgs/e8273b29fe1390ec8d4603f2477357555291432e?narHash=sha256-ETYnV9U7Sr%2BA45dohzZdfCZKOss4qrTkO%2BwgNZNvEc0%3D#flutter",
      "source": "nixpkg",
      "systems": {
        "x86_64-linux": {
          "outputs": [
            {
              "name": "sdk-links",
              "path": "/nix/store/s03y7q2ihssvbq0dckq7r4p20zazayjb-flutter-wrapped-3.44.3-sdk-links",
              "default": true
            }
          ]
        }
      }
    },
    "github:NixOS/nixpkgs/nixpkgs-unstable": {
      "last_modified": "2026-07-01T15:14:03Z",
      "resolved": "github:NixOS/nixpkgs/e8273b29fe1390ec8d4603f2477357555291432e?lastModified=1782918843&narHash=sha256-ETYnV9U7Sr%2BA45dohzZdfCZKOss4qrTkO%2BwgNZNvEc0%3D"
    },
    "gradle": {
      "plugin_version": "0.0.1",
      "resolved": "github:NixOS/nixpkgs/e8273b29fe1390ec8d4603f2477357555291432e?narHash=sha256-ETYnV9U7Sr%2BA45dohzZdfCZKOss4qrTkO%2BwgNZNvEc0%3D#gradle",
      "source": "nixpkg",
      "systems": {
        "x86_64-linux": {
          "outputs": [
            {
              "path": "/nix/store/hwcbpab3i98nbx7alfq4ggsfgv3i2kc3-gradle-8.14.4",
              "default": true
            }
          ]
        }
      }
    },
    "jdk17": {
      "resolved": "github:NixOS/nixpkgs/e8273b29fe1390ec8d4603f2477357555291432e?narHash=sha256-ETYnV9U7Sr%2BA45dohzZdfCZKOss4qrTkO%2BwgNZNvEc0%3D#jdk17",
      "source": "nixpkg",
      "systems": {
        "x86_64-linux": {
          "outputs": [
            {
              "path": "/nix/store/q6zvjlnhypm88y989l8fq0hjqrz9agda-openjdk-17.0.20+2",
              "default": true
            }
          ]
        }
      }
    },
    "libsecret": {
      "resolved": "github:NixOS/nixpkgs/e8273b29fe1390ec8d4603f2477357555291432e?narHash=sha256-ETYnV9U7Sr%2BA45dohzZdfCZKOss4qrTkO%2BwgNZNvEc0%3D#libsecret",
      "source": "nixpkg",
      "systems": {
        "x86_64-linux": {
          "outputs": [
            {
              "path": "/nix/store/ncchimf2sw3l3dfds9h747kwp68bhval-libsecret-0.21.7",
              "default": true
            }
          ]
        }
      }
    },
    "nix": {
      "resolved": "github:NixOS/nixpkgs/e8273b29fe1390ec8d4603f2477357555291432e?narHash=sha256-ETYnV9U7Sr%2BA45dohzZdfCZKOss4qrTkO%2BwgNZNvEc0%3D#nix",
      "source": "nixpkg",
      "systems": {
        "x86_64-linux": {
          "outputs": [
            {
              "path": "/nix/store/2gkq62yzbw9kplg5yb6yhf57ckhrhrsd-nix-2.34.7",
              "default": true
            },
            {
              "name": "man",
              "path": "/nix/store/blqs16h4fi2ini732l9mdclb24s2r7sc-nix-2.34.7-man",
              "default": true
            }
          ]
        }
      }
    },
    "path:./sdk#androidSdk": {
      "last_modified": "2026-07-02T18:28:37Z",
      "resolved": "path:/home/daniel/src/github.com/realitymolder/nix-shells/shells/flutter/sdk?lastModified=1783016917&narHash=sha256-xPiIJOKHxJt2YBWRCjUH5NBihg9bk%2BCiZtyGWGC8Csg%3D#androidSdk"
    },
    "qemu_kvm": {
      "resolved": "github:NixOS/nixpkgs/e8273b29fe1390ec8d4603f2477357555291432e?narHash=sha256-ETYnV9U7Sr%2BA45dohzZdfCZKOss4qrTkO%2BwgNZNvEc0%3D#qemu_kvm",
      "source": "nixpkg",
      "systems": {
        "x86_64-linux": {
          "outputs": [
            {
              "path": "/nix/store/qvljwinw3jirzfcsj4nqmq888n83vp86-qemu-host-cpu-only-11.0.1",
              "default": true
            }
          ]
        }
      }
    }
  }
}
